// !$*UTF8*$!
{
	archiveVersion = 1;
	classes = {
	};
	objectVersion = 56;
	objects = {

/* Begin PBXBuildFile section */
		18723D2B29A7DFA000213E47 /* CityTest.swift in Sources */ = {isa = PBXBuildFile; fileRef = 18723D2A29A7DFA000213E47 /* CityTest.swift */; };
		1898689F29A80797003E7F7C /* city.list.json in Resources */ = {isa = PBXBuildFile; fileRef = 1898689E29A80797003E7F7C /* city.list.json */; };
		189868A029A80797003E7F7C /* city.list.json in Resources */ = {isa = PBXBuildFile; fileRef = 1898689E29A80797003E7F7C /* city.list.json */; };
		18BE19A429A8485200F5BED8 /* WeatherData.swift in Sources */ = {isa = PBXBuildFile; fileRef = 18BE19A329A8485200F5BED8 /* WeatherData.swift */; };
		18BE19A629A8491000F5BED8 /* WeatherDataTests.swift in Sources */ = {isa = PBXBuildFile; fileRef = 18BE19A529A8491000F5BED8 /* WeatherDataTests.swift */; };
		3B857BE029AE441E00A1C87E /* PageViewController.swift in Sources */ = {isa = PBXBuildFile; fileRef = 3B857BDF29AE441E00A1C87E /* PageViewController.swift */; };
		3B857BE229AE9DE600A1C87E /* ViewControllerImage.swift in Sources */ = {isa = PBXBuildFile; fileRef = 3B857BE129AE9DE600A1C87E /* ViewControllerImage.swift */; };
		3B857BE429AE9E3000A1C87E /* PageControllerImage.swift in Sources */ = {isa = PBXBuildFile; fileRef = 3B857BE329AE9E3000A1C87E /* PageControllerImage.swift */; };
		3B857BE629AFB73900A1C87E /* ViewControllerPourPageControl.swift in Sources */ = {isa = PBXBuildFile; fileRef = 3B857BE529AFB73900A1C87E /* ViewControllerPourPageControl.swift */; };
		3B9341F129C1CC5000E809AB /* TableViewCellJoursSuivants.swift in Sources */ = {isa = PBXBuildFile; fileRef = 3B9341F029C1CC5000E809AB /* TableViewCellJoursSuivants.swift */; };
		3B9D45E029A6871800510517 /* AppDelegate.swift in Sources */ = {isa = PBXBuildFile; fileRef = 3B9D45DF29A6871800510517 /* AppDelegate.swift */; };
		3B9D45E229A6871800510517 /* SceneDelegate.swift in Sources */ = {isa = PBXBuildFile; fileRef = 3B9D45E129A6871800510517 /* SceneDelegate.swift */; };
		3B9D45E429A6871800510517 /* ViewController.swift in Sources */ = {isa = PBXBuildFile; fileRef = 3B9D45E329A6871800510517 /* ViewController.swift */; };
		3B9D45E729A6871800510517 /* Main.storyboard in Resources */ = {isa = PBXBuildFile; fileRef = 3B9D45E529A6871800510517 /* Main.storyboard */; };
		3B9D45EA29A6871800510517 /* AppliMeteo.xcdatamodeld in Sources */ = {isa = PBXBuildFile; fileRef = 3B9D45E829A6871800510517 /* AppliMeteo.xcdatamodeld */; };
		3B9D45EC29A6871A00510517 /* Assets.xcassets in Resources */ = {isa = PBXBuildFile; fileRef = 3B9D45EB29A6871A00510517 /* Assets.xcassets */; };
		3B9D45EF29A6871A00510517 /* LaunchScreen.storyboard in Resources */ = {isa = PBXBuildFile; fileRef = 3B9D45ED29A6871A00510517 /* LaunchScreen.storyboard */; };
		3BB5416429AA6EEA000445BA /* ViewControllerFavori.swift in Sources */ = {isa = PBXBuildFile; fileRef = 3BB5416329AA6EEA000445BA /* ViewControllerFavori.swift */; };
		3BB5416629AA6EF8000445BA /* ViewControllerDetailsVille.swift in Sources */ = {isa = PBXBuildFile; fileRef = 3BB5416529AA6EF8000445BA /* ViewControllerDetailsVille.swift */; };
		3BB5739B29B8C13A00AB9867 /* ViewControllerHeureSuivantes.swift in Sources */ = {isa = PBXBuildFile; fileRef = 3BB5739A29B8C13A00AB9867 /* ViewControllerHeureSuivantes.swift */; };
		D51D50734362BD2D379A9D3A /* UINavigationItemDate.swift in Sources */ = {isa = PBXBuildFile; fileRef = D51D5DA843CABACCA0A4F6CE /* UINavigationItemDate.swift */; };
		D51D52BDFA4493453C029CD9 /* Location.swift in Sources */ = {isa = PBXBuildFile; fileRef = D51D5882F7B91B5E4247FCE2 /* Location.swift */; };
		D51D52F62F26399DB235FCB8 /* City.swift in Sources */ = {isa = PBXBuildFile; fileRef = D51D54FD76C1961117115AD7 /* City.swift */; };
		D51D53B5C404720FEC354DA8 /* OpenWeather.http in Resources */ = {isa = PBXBuildFile; fileRef = D51D531A1DFDD5428782D96A /* OpenWeather.http */; };
		D51D5590BC1992672361CCD0 /* AppliMeteoTests.swift in Sources */ = {isa = PBXBuildFile; fileRef = D51D59DA30FA2E107A41E2F6 /* AppliMeteoTests.swift */; };
/* End PBXBuildFile section */

/* Begin PBXContainerItemProxy section */
		D51D5BA99506F7A816E3546B /* PBXContainerItemProxy */ = {
			isa = PBXContainerItemProxy;
			containerPortal = 3B9D45D429A6871800510517 /* Project object */;
			proxyType = 1;
			remoteGlobalIDString = 3B9D45DB29A6871800510517;
			remoteInfo = AppliMeteo;
		};
/* End PBXContainerItemProxy section */

/* Begin PBXFileReference section */
		18723D2A29A7DFA000213E47 /* CityTest.swift */ = {isa = PBXFileReference; lastKnownFileType = sourcecode.swift; path = CityTest.swift; sourceTree = "<group>"; };
		1898689E29A80797003E7F7C /* city.list.json */ = {isa = PBXFileReference; fileEncoding = 4; lastKnownFileType = text.json; path = city.list.json; sourceTree = "<group>"; };
		18AB6AC529B62D9300C12576 /* AppliMeteo 2.xcdatamodel */ = {isa = PBXFileReference; explicitFileType = wrapper.xcdatamodel; path = "AppliMeteo 2.xcdatamodel"; sourceTree = "<group>"; };
		18BE19A329A8485200F5BED8 /* WeatherData.swift */ = {isa = PBXFileReference; lastKnownFileType = sourcecode.swift; path = WeatherData.swift; sourceTree = "<group>"; };
		18BE19A529A8491000F5BED8 /* WeatherDataTests.swift */ = {isa = PBXFileReference; lastKnownFileType = sourcecode.swift; path = WeatherDataTests.swift; sourceTree = "<group>"; };
		3B857BDF29AE441E00A1C87E /* PageViewController.swift */ = {isa = PBXFileReference; lastKnownFileType = sourcecode.swift; path = PageViewController.swift; sourceTree = "<group>"; };
		3B857BE129AE9DE600A1C87E /* ViewControllerImage.swift */ = {isa = PBXFileReference; lastKnownFileType = sourcecode.swift; path = ViewControllerImage.swift; sourceTree = "<group>"; };
		3B857BE329AE9E3000A1C87E /* PageControllerImage.swift */ = {isa = PBXFileReference; lastKnownFileType = sourcecode.swift; path = PageControllerImage.swift; sourceTree = "<group>"; };
		3B857BE529AFB73900A1C87E /* ViewControllerPourPageControl.swift */ = {isa = PBXFileReference; lastKnownFileType = sourcecode.swift; path = ViewControllerPourPageControl.swift; sourceTree = "<group>"; };
		3B9341F029C1CC5000E809AB /* TableViewCellJoursSuivants.swift */ = {isa = PBXFileReference; lastKnownFileType = sourcecode.swift; path = TableViewCellJoursSuivants.swift; sourceTree = "<group>"; };
		3B9D45DC29A6871800510517 /* AppliMeteo.app */ = {isa = PBXFileReference; explicitFileType = wrapper.application; includeInIndex = 0; path = AppliMeteo.app; sourceTree = BUILT_PRODUCTS_DIR; };
		3B9D45DF29A6871800510517 /* AppDelegate.swift */ = {isa = PBXFileReference; lastKnownFileType = sourcecode.swift; path = AppDelegate.swift; sourceTree = "<group>"; };
		3B9D45E129A6871800510517 /* SceneDelegate.swift */ = {isa = PBXFileReference; lastKnownFileType = sourcecode.swift; path = SceneDelegate.swift; sourceTree = "<group>"; };
		3B9D45E329A6871800510517 /* ViewController.swift */ = {isa = PBXFileReference; lastKnownFileType = sourcecode.swift; path = ViewController.swift; sourceTree = "<group>"; };
		3B9D45E629A6871800510517 /* Base */ = {isa = PBXFileReference; lastKnownFileType = file.storyboard; name = Base; path = Base.lproj/Main.storyboard; sourceTree = "<group>"; };
		3B9D45EB29A6871A00510517 /* Assets.xcassets */ = {isa = PBXFileReference; lastKnownFileType = folder.assetcatalog; path = Assets.xcassets; sourceTree = "<group>"; };
		3B9D45EE29A6871A00510517 /* Base */ = {isa = PBXFileReference; lastKnownFileType = file.storyboard; name = Base; path = Base.lproj/LaunchScreen.storyboard; sourceTree = "<group>"; };
		3B9D45F029A6871A00510517 /* Info.plist */ = {isa = PBXFileReference; lastKnownFileType = text.plist.xml; path = Info.plist; sourceTree = "<group>"; };
		3BB5416329AA6EEA000445BA /* ViewControllerFavori.swift */ = {isa = PBXFileReference; lastKnownFileType = sourcecode.swift; path = ViewControllerFavori.swift; sourceTree = "<group>"; };
		3BB5416529AA6EF8000445BA /* ViewControllerDetailsVille.swift */ = {isa = PBXFileReference; lastKnownFileType = sourcecode.swift; path = ViewControllerDetailsVille.swift; sourceTree = "<group>"; };
		3BB5739A29B8C13A00AB9867 /* ViewControllerHeureSuivantes.swift */ = {isa = PBXFileReference; lastKnownFileType = sourcecode.swift; path = ViewControllerHeureSuivantes.swift; sourceTree = "<group>"; };
		D51D531A1DFDD5428782D96A /* OpenWeather.http */ = {isa = PBXFileReference; lastKnownFileType = file.http; path = OpenWeather.http; sourceTree = "<group>"; };
		D51D539F11D590F976325E77 /* AppliMeteoTests.xctest */ = {isa = PBXFileReference; explicitFileType = wrapper.cfbundle; includeInIndex = 0; path = AppliMeteoTests.xctest; sourceTree = BUILT_PRODUCTS_DIR; };
		D51D54FD76C1961117115AD7 /* City.swift */ = {isa = PBXFileReference; fileEncoding = 4; lastKnownFileType = sourcecode.swift; path = City.swift; sourceTree = "<group>"; };
		D51D5882F7B91B5E4247FCE2 /* Location.swift */ = {isa = PBXFileReference; fileEncoding = 4; lastKnownFileType = sourcecode.swift; path = Location.swift; sourceTree = "<group>"; };
		D51D59DA30FA2E107A41E2F6 /* AppliMeteoTests.swift */ = {isa = PBXFileReference; lastKnownFileType = sourcecode.swift; path = AppliMeteoTests.swift; sourceTree = "<group>"; };
		D51D5DA843CABACCA0A4F6CE /* UINavigationItemDate.swift */ = {isa = PBXFileReference; fileEncoding = 4; lastKnownFileType = sourcecode.swift; path = UINavigationItemDate.swift; sourceTree = "<group>"; };
		D51D5EAD8CE22FDFE7E3420A /* .gitignore */ = {isa = PBXFileReference; lastKnownFileType = file.github; path = .gitignore; sourceTree = "<group>"; };
/* End PBXFileReference section */

/* Begin PBXFrameworksBuildPhase section */
		3B9D45D929A6871800510517 /* Frameworks */ = {
			isa = PBXFrameworksBuildPhase;
			buildActionMask = 2147483647;
			files = (
			);
			runOnlyForDeploymentPostprocessing = 0;
		};
		D51D5B7A4B2EF7D0C9A9E0BB /* Frameworks */ = {
			isa = PBXFrameworksBuildPhase;
			buildActionMask = 2147483647;
			files = (
			);
			runOnlyForDeploymentPostprocessing = 0;
		};
/* End PBXFrameworksBuildPhase section */

/* Begin PBXGroup section */
		3B9D45D329A6871800510517 = {
			isa = PBXGroup;
			children = (
				1898689E29A80797003E7F7C /* city.list.json */,
				3B9D45DE29A6871800510517 /* AppliMeteo */,
				3B9D45DD29A6871800510517 /* Products */,
				D51D536DE530868B7E2C9080 /* AppliMeteoTests */,
				D51D5EAD8CE22FDFE7E3420A /* .gitignore */,
			);
			sourceTree = "<group>";
		};
		3B9D45DD29A6871800510517 /* Products */ = {
			isa = PBXGroup;
			children = (
				3B9D45DC29A6871800510517 /* AppliMeteo.app */,
				D51D539F11D590F976325E77 /* AppliMeteoTests.xctest */,
			);
			name = Products;
			sourceTree = "<group>";
		};
		3B9D45DE29A6871800510517 /* AppliMeteo */ = {
			isa = PBXGroup;
			children = (
				3B9D45DF29A6871800510517 /* AppDelegate.swift */,
				3B9D45E129A6871800510517 /* SceneDelegate.swift */,
				D51D5DA843CABACCA0A4F6CE /* UINavigationItemDate.swift */,
				3B857BDF29AE441E00A1C87E /* PageViewController.swift */,
				3B857BE329AE9E3000A1C87E /* PageControllerImage.swift */,
				3B9D45E329A6871800510517 /* ViewController.swift */,
				3BB5739A29B8C13A00AB9867 /* ViewControllerHeureSuivantes.swift */,
				3B857BE129AE9DE600A1C87E /* ViewControllerImage.swift */,
				3BB5416329AA6EEA000445BA /* ViewControllerFavori.swift */,
				3BB5416529AA6EF8000445BA /* ViewControllerDetailsVille.swift */,
				3B857BE529AFB73900A1C87E /* ViewControllerPourPageControl.swift */,
				3B9D45E529A6871800510517 /* Main.storyboard */,
				3B9D45EB29A6871A00510517 /* Assets.xcassets */,
				3B9D45ED29A6871A00510517 /* LaunchScreen.storyboard */,
				3B9D45F029A6871A00510517 /* Info.plist */,
				3B9D45E829A6871800510517 /* AppliMeteo.xcdatamodeld */,
				D51D533418717573C228A898 /* model */,
				3B9341F029C1CC5000E809AB /* TableViewCellJoursSuivants.swift */,
			);
			path = AppliMeteo;
			sourceTree = "<group>";
		};
		D51D533418717573C228A898 /* model */ = {
			isa = PBXGroup;
			children = (
				D51D54FD76C1961117115AD7 /* City.swift */,
				18BE19A329A8485200F5BED8 /* WeatherData.swift */,
				D51D5882F7B91B5E4247FCE2 /* Location.swift */,
			);
			path = model;
			sourceTree = "<group>";
		};
		D51D536DE530868B7E2C9080 /* AppliMeteoTests */ = {
			isa = PBXGroup;
			children = (
				D51D59DA30FA2E107A41E2F6 /* AppliMeteoTests.swift */,
				18723D2A29A7DFA000213E47 /* CityTest.swift */,
				D51D531A1DFDD5428782D96A /* OpenWeather.http */,
				18BE19A529A8491000F5BED8 /* WeatherDataTests.swift */,
			);
			path = AppliMeteoTests;
			sourceTree = "<group>";
		};
/* End PBXGroup section */

/* Begin PBXNativeTarget section */
		3B9D45DB29A6871800510517 /* AppliMeteo */ = {
			isa = PBXNativeTarget;
			buildConfigurationList = 3B9D45F329A6871A00510517 /* Build configuration list for PBXNativeTarget "AppliMeteo" */;
			buildPhases = (
				18BE19A229A83ED300F5BED8 /* ShellScript */,
				3B9D45D829A6871800510517 /* Sources */,
				3B9D45D929A6871800510517 /* Frameworks */,
				3B9D45DA29A6871800510517 /* Resources */,
			);
			buildRules = (
			);
			dependencies = (
			);
			name = AppliMeteo;
			productName = AppliMeteo;
			productReference = 3B9D45DC29A6871800510517 /* AppliMeteo.app */;
			productType = "com.apple.product-type.application";
		};
		D51D58E1EFB800177266C1EA /* AppliMeteoTests */ = {
			isa = PBXNativeTarget;
			buildConfigurationList = D51D5070167A80343E3D6CFB /* Build configuration list for PBXNativeTarget "AppliMeteoTests" */;
			buildPhases = (
				18BE19A129A83E9F00F5BED8 /* Run Script */,
				D51D5993736A166670F65B55 /* Sources */,
				D51D5B7A4B2EF7D0C9A9E0BB /* Frameworks */,
				D51D5192662DF3DCD4DBB63E /* Resources */,
			);
			buildRules = (
			);
			dependencies = (
				D51D5914C014652073EDDB3E /* PBXTargetDependency */,
			);
			name = AppliMeteoTests;
			productName = AppliMeteoTests;
			productReference = D51D539F11D590F976325E77 /* AppliMeteoTests.xctest */;
			productType = "com.apple.product-type.bundle.unit-test";
		};
/* End PBXNativeTarget section */

/* Begin PBXProject section */
		3B9D45D429A6871800510517 /* Project object */ = {
			isa = PBXProject;
			attributes = {
				BuildIndependentTargetsInParallel = 1;
				LastSwiftUpdateCheck = 1420;
				LastUpgradeCheck = 1420;
				TargetAttributes = {
					3B9D45DB29A6871800510517 = {
						CreatedOnToolsVersion = 14.2;
					};
				};
			};
			buildConfigurationList = 3B9D45D729A6871800510517 /* Build configuration list for PBXProject "AppliMeteo" */;
			compatibilityVersion = "Xcode 14.0";
			developmentRegion = en;
			hasScannedForEncodings = 0;
			knownRegions = (
				en,
				Base,
			);
			mainGroup = 3B9D45D329A6871800510517;
			productRefGroup = 3B9D45DD29A6871800510517 /* Products */;
			projectDirPath = "";
			projectRoot = "";
			targets = (
				3B9D45DB29A6871800510517 /* AppliMeteo */,
				D51D58E1EFB800177266C1EA /* AppliMeteoTests */,
			);
		};
/* End PBXProject section */

/* Begin PBXResourcesBuildPhase section */
		3B9D45DA29A6871800510517 /* Resources */ = {
			isa = PBXResourcesBuildPhase;
			buildActionMask = 2147483647;
			files = (
				3B9D45EF29A6871A00510517 /* LaunchScreen.storyboard in Resources */,
				1898689F29A80797003E7F7C /* city.list.json in Resources */,
				3B9D45EC29A6871A00510517 /* Assets.xcassets in Resources */,
				3B9D45E729A6871800510517 /* Main.storyboard in Resources */,
			);
			runOnlyForDeploymentPostprocessing = 0;
		};
		D51D5192662DF3DCD4DBB63E /* Resources */ = {
			isa = PBXResourcesBuildPhase;
			buildActionMask = 2147483647;
			files = (
				D51D53B5C404720FEC354DA8 /* OpenWeather.http in Resources */,
				189868A029A80797003E7F7C /* city.list.json in Resources */,
			);
			runOnlyForDeploymentPostprocessing = 0;
		};
/* End PBXResourcesBuildPhase section */

/* Begin PBXShellScriptBuildPhase section */
		18BE19A129A83E9F00F5BED8 /* Run Script */ = {
			isa = PBXShellScriptBuildPhase;
			buildActionMask = 2147483647;
			files = (
			);
			inputFileListPaths = (
			);
			inputPaths = (
			);
			name = "Run Script";
			outputFileListPaths = (
			);
			outputPaths = (
			);
			runOnlyForDeploymentPostprocessing = 0;
			shellPath = /bin/sh;
			shellScript = "#!/bin/sh\n\nENV_FILE=\"${PROJECT_DIR}/.env\"\nif [ -f \"${ENV_FILE}\" ]; then\n  export $(cat ${ENV_FILE} | sed 's/#.*//g' | xargs)\nfi\n\n";
		};
		18BE19A229A83ED300F5BED8 /* ShellScript */ = {
			isa = PBXShellScriptBuildPhase;
			buildActionMask = 2147483647;
			files = (
			);
			inputFileListPaths = (
			);
			inputPaths = (
			);
			outputFileListPaths = (
			);
			outputPaths = (
			);
			runOnlyForDeploymentPostprocessing = 0;
			shellPath = /bin/sh;
			shellScript = "#!/bin/sh\n\nENV_FILE=\"${PROJECT_DIR}/.env\"\nif [ -f \"${ENV_FILE}\" ]; then\n  export $(cat ${ENV_FILE} | sed 's/#.*//g' | xargs)\nfi\n";
		};
/* End PBXShellScriptBuildPhase section */

/* Begin PBXSourcesBuildPhase section */
		3B9D45D829A6871800510517 /* Sources */ = {
			isa = PBXSourcesBuildPhase;
			buildActionMask = 2147483647;
			files = (
				3B9D45E429A6871800510517 /* ViewController.swift in Sources */,
				3B857BE229AE9DE600A1C87E /* ViewControllerImage.swift in Sources */,
				3B857BE029AE441E00A1C87E /* PageViewController.swift in Sources */,
				3B857BE629AFB73900A1C87E /* ViewControllerPourPageControl.swift in Sources */,
				3B9D45E029A6871800510517 /* AppDelegate.swift in Sources */,
				3B9D45E229A6871800510517 /* SceneDelegate.swift in Sources */,
				3BB5416429AA6EEA000445BA /* ViewControllerFavori.swift in Sources */,
				3B9D45EA29A6871800510517 /* AppliMeteo.xcdatamodeld in Sources */,
				18BE19A429A8485200F5BED8 /* WeatherData.swift in Sources */,
				3BB5739B29B8C13A00AB9867 /* ViewControllerHeureSuivantes.swift in Sources */,
				3B857BE429AE9E3000A1C87E /* PageControllerImage.swift in Sources */,
				D51D52F62F26399DB235FCB8 /* City.swift in Sources */,
				3B9341F129C1CC5000E809AB /* TableViewCellJoursSuivants.swift in Sources */,
				3BB5416629AA6EF8000445BA /* ViewControllerDetailsVille.swift in Sources */,
				D51D52BDFA4493453C029CD9 /* Location.swift in Sources */,
				D51D50734362BD2D379A9D3A /* UINavigationItemDate.swift in Sources */,
			);
			runOnlyForDeploymentPostprocessing = 0;
		};
		D51D5993736A166670F65B55 /* Sources */ = {
			isa = PBXSourcesBuildPhase;
			buildActionMask = 2147483647;
			files = (
				18723D2B29A7DFA000213E47 /* CityTest.swift in Sources */,
				18BE19A629A8491000F5BED8 /* WeatherDataTests.swift in Sources */,
				D51D5590BC1992672361CCD0 /* AppliMeteoTests.swift in Sources */,
			);
			runOnlyForDeploymentPostprocessing = 0;
		};
/* End PBXSourcesBuildPhase section */

/* Begin PBXTargetDependency section */
		D51D5914C014652073EDDB3E /* PBXTargetDependency */ = {
			isa = PBXTargetDependency;
			target = 3B9D45DB29A6871800510517 /* AppliMeteo */;
			targetProxy = D51D5BA99506F7A816E3546B /* PBXContainerItemProxy */;
		};
/* End PBXTargetDependency section */

/* Begin PBXVariantGroup section */
		3B9D45E529A6871800510517 /* Main.storyboard */ = {
			isa = PBXVariantGroup;
			children = (
				3B9D45E629A6871800510517 /* Base */,
			);
			name = Main.storyboard;
			sourceTree = "<group>";
		};
		3B9D45ED29A6871A00510517 /* LaunchScreen.storyboard */ = {
			isa = PBXVariantGroup;
			children = (
				3B9D45EE29A6871A00510517 /* Base */,
			);
			name = LaunchScreen.storyboard;
			sourceTree = "<group>";
		};
/* End PBXVariantGroup section */

/* Begin XCBuildConfiguration section */
		3B9D45F129A6871A00510517 /* Debug */ = {
			isa = XCBuildConfiguration;
			buildSettings = {
				ALWAYS_SEARCH_USER_PATHS = NO;
				CLANG_ANALYZER_NONNULL = YES;
				CLANG_ANALYZER_NUMBER_OBJECT_CONVERSION = YES_AGGRESSIVE;
				CLANG_CXX_LANGUAGE_STANDARD = "gnu++20";
				CLANG_ENABLE_MODULES = YES;
				CLANG_ENABLE_OBJC_ARC = YES;
				CLANG_ENABLE_OBJC_WEAK = YES;
				CLANG_WARN_BLOCK_CAPTURE_AUTORELEASING = YES;
				CLANG_WARN_BOOL_CONVERSION = YES;
				CLANG_WARN_COMMA = YES;
				CLANG_WARN_CONSTANT_CONVERSION = YES;
				CLANG_WARN_DEPRECATED_OBJC_IMPLEMENTATIONS = YES;
				CLANG_WARN_DIRECT_OBJC_ISA_USAGE = YES_ERROR;
				CLANG_WARN_DOCUMENTATION_COMMENTS = YES;
				CLANG_WARN_EMPTY_BODY = YES;
				CLANG_WARN_ENUM_CONVERSION = YES;
				CLANG_WARN_INFINITE_RECURSION = YES;
				CLANG_WARN_INT_CONVERSION = YES;
				CLANG_WARN_NON_LITERAL_NULL_CONVERSION = YES;
				CLANG_WARN_OBJC_IMPLICIT_RETAIN_SELF = YES;
				CLANG_WARN_OBJC_LITERAL_CONVERSION = YES;
				CLANG_WARN_OBJC_ROOT_CLASS = YES_ERROR;
				CLANG_WARN_QUOTED_INCLUDE_IN_FRAMEWORK_HEADER = YES;
				CLANG_WARN_RANGE_LOOP_ANALYSIS = YES;
				CLANG_WARN_STRICT_PROTOTYPES = YES;
				CLANG_WARN_SUSPICIOUS_MOVE = YES;
				CLANG_WARN_UNGUARDED_AVAILABILITY = YES_AGGRESSIVE;
				CLANG_WARN_UNREACHABLE_CODE = YES;
				CLANG_WARN__DUPLICATE_METHOD_MATCH = YES;
				COPY_PHASE_STRIP = NO;
				DEBUG_INFORMATION_FORMAT = dwarf;
				ENABLE_APP_SANDBOX = YES;
				ENABLE_STRICT_OBJC_MSGSEND = YES;
				ENABLE_TESTABILITY = YES;
				GCC_C_LANGUAGE_STANDARD = gnu11;
				GCC_DYNAMIC_NO_PIC = NO;
				GCC_NO_COMMON_BLOCKS = YES;
				GCC_OPTIMIZATION_LEVEL = 0;
				GCC_PREPROCESSOR_DEFINITIONS = (
					"DEBUG=1",
					"$(inherited)",
				);
				"GCC_PREPROCESSOR_DEFINITIONS[arch=*]" = (
					"DEBUG=1",
					"OPENWEATHER_APIKEY=$(OPENWEATHER_APIKEY)",
					"$(inherited)",
				);
				GCC_WARN_64_TO_32_BIT_CONVERSION = YES;
				GCC_WARN_ABOUT_RETURN_TYPE = YES_ERROR;
				GCC_WARN_UNDECLARED_SELECTOR = YES;
				GCC_WARN_UNINITIALIZED_AUTOS = YES_AGGRESSIVE;
				GCC_WARN_UNUSED_FUNCTION = YES;
				GCC_WARN_UNUSED_VARIABLE = YES;
				IPHONEOS_DEPLOYMENT_TARGET = 16.2;
				MTL_ENABLE_DEBUG_INFO = INCLUDE_SOURCE;
				MTL_FAST_MATH = YES;
				ONLY_ACTIVE_ARCH = YES;
				SDKROOT = iphoneos;
				SWIFT_ACTIVE_COMPILATION_CONDITIONS = DEBUG;
				SWIFT_OPTIMIZATION_LEVEL = "-Onone";
			};
			name = Debug;
		};
		3B9D45F229A6871A00510517 /* Release */ = {
			isa = XCBuildConfiguration;
			buildSettings = {
				ALWAYS_SEARCH_USER_PATHS = NO;
				CLANG_ANALYZER_NONNULL = YES;
				CLANG_ANALYZER_NUMBER_OBJECT_CONVERSION = YES_AGGRESSIVE;
				CLANG_CXX_LANGUAGE_STANDARD = "gnu++20";
				CLANG_ENABLE_MODULES = YES;
				CLANG_ENABLE_OBJC_ARC = YES;
				CLANG_ENABLE_OBJC_WEAK = YES;
				CLANG_WARN_BLOCK_CAPTURE_AUTORELEASING = YES;
				CLANG_WARN_BOOL_CONVERSION = YES;
				CLANG_WARN_COMMA = YES;
				CLANG_WARN_CONSTANT_CONVERSION = YES;
				CLANG_WARN_DEPRECATED_OBJC_IMPLEMENTATIONS = YES;
				CLANG_WARN_DIRECT_OBJC_ISA_USAGE = YES_ERROR;
				CLANG_WARN_DOCUMENTATION_COMMENTS = YES;
				CLANG_WARN_EMPTY_BODY = YES;
				CLANG_WARN_ENUM_CONVERSION = YES;
				CLANG_WARN_INFINITE_RECURSION = YES;
				CLANG_WARN_INT_CONVERSION = YES;
				CLANG_WARN_NON_LITERAL_NULL_CONVERSION = YES;
				CLANG_WARN_OBJC_IMPLICIT_RETAIN_SELF = YES;
				CLANG_WARN_OBJC_LITERAL_CONVERSION = YES;
				CLANG_WARN_OBJC_ROOT_CLASS = YES_ERROR;
				CLANG_WARN_QUOTED_INCLUDE_IN_FRAMEWORK_HEADER = YES;
				CLANG_WARN_RANGE_LOOP_ANALYSIS = YES;
				CLANG_WARN_STRICT_PROTOTYPES = YES;
				CLANG_WARN_SUSPICIOUS_MOVE = YES;
				CLANG_WARN_UNGUARDED_AVAILABILITY = YES_AGGRESSIVE;
				CLANG_WARN_UNREACHABLE_CODE = YES;
				CLANG_WARN__DUPLICATE_METHOD_MATCH = YES;
				COPY_PHASE_STRIP = NO;
				DEBUG_INFORMATION_FORMAT = "dwarf-with-dsym";
				ENABLE_APP_SANDBOX = YES;
				ENABLE_NS_ASSERTIONS = NO;
				ENABLE_STRICT_OBJC_MSGSEND = YES;
				GCC_C_LANGUAGE_STANDARD = gnu11;
				GCC_NO_COMMON_BLOCKS = YES;
				"GCC_PREPROCESSOR_DEFINITIONS[arch=*]" = "OPENWEATHER_APIKEY=$(OPENWEATHER_APIKEY)";
				GCC_WARN_64_TO_32_BIT_CONVERSION = YES;
				GCC_WARN_ABOUT_RETURN_TYPE = YES_ERROR;
				GCC_WARN_UNDECLARED_SELECTOR = YES;
				GCC_WARN_UNINITIALIZED_AUTOS = YES_AGGRESSIVE;
				GCC_WARN_UNUSED_FUNCTION = YES;
				GCC_WARN_UNUSED_VARIABLE = YES;
				IPHONEOS_DEPLOYMENT_TARGET = 16.2;
				MTL_ENABLE_DEBUG_INFO = NO;
				MTL_FAST_MATH = YES;
				SDKROOT = iphoneos;
				SWIFT_COMPILATION_MODE = wholemodule;
				SWIFT_OPTIMIZATION_LEVEL = "-O";
				VALIDATE_PRODUCT = YES;
			};
			name = Release;
		};
		3B9D45F429A6871A00510517 /* Debug */ = {
			isa = XCBuildConfiguration;
			buildSettings = {
				ASSETCATALOG_COMPILER_APPICON_NAME = AppIcon;
				ASSETCATALOG_COMPILER_GLOBAL_ACCENT_COLOR_NAME = AccentColor;
				CODE_SIGN_IDENTITY = "Apple Development";
				CODE_SIGN_STYLE = Automatic;
				CURRENT_PROJECT_VERSION = 1;
				DEVELOPMENT_TEAM = 2D9L87659G;
				GENERATE_INFOPLIST_FILE = YES;
				INFOPLIST_FILE = AppliMeteo/Info.plist;
				INFOPLIST_KEY_UIApplicationSupportsIndirectInputEvents = YES;
				INFOPLIST_KEY_UILaunchStoryboardName = LaunchScreen;
				INFOPLIST_KEY_UIMainStoryboardFile = Main;
				INFOPLIST_KEY_UISupportedInterfaceOrientations_iPad = "UIInterfaceOrientationPortrait UIInterfaceOrientationPortraitUpsideDown UIInterfaceOrientationLandscapeLeft UIInterfaceOrientationLandscapeRight";
				INFOPLIST_KEY_UISupportedInterfaceOrientations_iPhone = "UIInterfaceOrientationPortrait UIInterfaceOrientationLandscapeLeft UIInterfaceOrientationLandscapeRight";
				LD_RUNPATH_SEARCH_PATHS = (
					"$(inherited)",
					"@executable_path/Frameworks",
				);
				MARKETING_VERSION = 1.0;
				PRODUCT_BUNDLE_IDENTIFIER = net.tp.AppliMeteo;
				PRODUCT_NAME = "$(TARGET_NAME)";
				PROVISIONING_PROFILE_SPECIFIER = "";
				SWIFT_EMIT_LOC_STRINGS = YES;
				SWIFT_VERSION = 5.0;
				TARGETED_DEVICE_FAMILY = "1,2";
			};
			name = Debug;
		};
		3B9D45F529A6871A00510517 /* Release */ = {
			isa = XCBuildConfiguration;
			buildSettings = {
				ASSETCATALOG_COMPILER_APPICON_NAME = AppIcon;
				ASSETCATALOG_COMPILER_GLOBAL_ACCENT_COLOR_NAME = AccentColor;
				CODE_SIGN_IDENTITY = "Apple Development";
				CODE_SIGN_STYLE = Automatic;
				CURRENT_PROJECT_VERSION = 1;
				DEVELOPMENT_TEAM = 2D9L87659G;
				GENERATE_INFOPLIST_FILE = YES;
				INFOPLIST_FILE = AppliMeteo/Info.plist;
				INFOPLIST_KEY_UIApplicationSupportsIndirectInputEvents = YES;
				INFOPLIST_KEY_UILaunchStoryboardName = LaunchScreen;
				INFOPLIST_KEY_UIMainStoryboardFile = Main;
				INFOPLIST_KEY_UISupportedInterfaceOrientations_iPad = "UIInterfaceOrientationPortrait UIInterfaceOrientationPortraitUpsideDown UIInterfaceOrientationLandscapeLeft UIInterfaceOrientationLandscapeRight";
				INFOPLIST_KEY_UISupportedInterfaceOrientations_iPhone = "UIInterfaceOrientationPortrait UIInterfaceOrientationLandscapeLeft UIInterfaceOrientationLandscapeRight";
				LD_RUNPATH_SEARCH_PATHS = (
					"$(inherited)",
					"@executable_path/Frameworks",
				);
				MARKETING_VERSION = 1.0;
				PRODUCT_BUNDLE_IDENTIFIER = net.tp.AppliMeteo;
				PRODUCT_NAME = "$(TARGET_NAME)";
				PROVISIONING_PROFILE_SPECIFIER = "";
				SWIFT_EMIT_LOC_STRINGS = YES;
				SWIFT_VERSION = 5.0;
				TARGETED_DEVICE_FAMILY = "1,2";
			};
			name = Release;
		};
		D51D5E427B7DF94EAC21F6BA /* Debug */ = {
			isa = XCBuildConfiguration;
			buildSettings = {
				ALWAYS_SEARCH_USER_PATHS = NO;
				BUNDLE_LOADER = "$(BUILT_PRODUCTS_DIR)/AppliMeteo.app/AppliMeteo";
				CLANG_ANALYZER_NONNULL = YES;
				CLANG_ANALYZER_NUMBER_OBJECT_CONVERSION = YES_AGGRESSIVE;
				CLANG_CXX_LANGUAGE_STANDARD = "gnu++20";
				CLANG_ENABLE_MODULES = YES;
				CLANG_ENABLE_OBJC_ARC = YES;
				CLANG_ENABLE_OBJC_WEAK = YES;
				CLANG_WARN_BLOCK_CAPTURE_AUTORELEASING = YES;
				CLANG_WARN_BOOL_CONVERSION = YES;
				CLANG_WARN_COMMA = YES;
				CLANG_WARN_CONSTANT_CONVERSION = YES;
				CLANG_WARN_DEPRECATED_OBJC_IMPLEMENTATIONS = YES;
				CLANG_WARN_DIRECT_OBJC_ISA_USAGE = YES_ERROR;
				CLANG_WARN_DOCUMENTATION_COMMENTS = YES;
				CLANG_WARN_EMPTY_BODY = YES;
				CLANG_WARN_ENUM_CONVERSION = YES;
				CLANG_WARN_INFINITE_RECURSION = YES;
				CLANG_WARN_INT_CONVERSION = YES;
				CLANG_WARN_NON_LITERAL_NULL_CONVERSION = YES;
				CLANG_WARN_OBJC_IMPLICIT_RETAIN_SELF = YES;
				CLANG_WARN_OBJC_LITERAL_CONVERSION = YES;
				CLANG_WARN_OBJC_ROOT_CLASS = YES_ERROR;
				CLANG_WARN_QUOTED_INCLUDE_IN_FRAMEWORK_HEADER = YES;
				CLANG_WARN_RANGE_LOOP_ANALYSIS = YES;
				CLANG_WARN_STRICT_PROTOTYPES = YES;
				CLANG_WARN_SUSPICIOUS_MOVE = YES;
				CLANG_WARN_UNGUARDED_AVAILABILITY = YES_AGGRESSIVE;
				CLANG_WARN_UNREACHABLE_CODE = YES;
				CLANG_WARN__DUPLICATE_METHOD_MATCH = YES;
				COPY_PHASE_STRIP = NO;
				CURRENT_PROJECT_VERSION = 1;
				DEBUG_INFORMATION_FORMAT = dwarf;
				DEVELOPMENT_TEAM = 2D9L87659G;
				ENABLE_STRICT_OBJC_MSGSEND = YES;
				ENABLE_TESTABILITY = YES;
				GCC_C_LANGUAGE_STANDARD = gnu11;
				GCC_DYNAMIC_NO_PIC = NO;
				GCC_NO_COMMON_BLOCKS = YES;
				GCC_OPTIMIZATION_LEVEL = 0;
				GCC_PREPROCESSOR_DEFINITIONS = (
					"DEBUG=1",
					"$(inherited)",
				);
				GCC_WARN_64_TO_32_BIT_CONVERSION = YES;
				GCC_WARN_ABOUT_RETURN_TYPE = YES_ERROR;
				GCC_WARN_UNDECLARED_SELECTOR = YES;
				GCC_WARN_UNINITIALIZED_AUTOS = YES_AGGRESSIVE;
				GCC_WARN_UNUSED_FUNCTION = YES;
				GCC_WARN_UNUSED_VARIABLE = YES;
				GENERATE_INFOPLIST_FILE = YES;
				IPHONEOS_DEPLOYMENT_TARGET = 16.2;
				MARKETING_VERSION = 1.0;
				MTL_ENABLE_DEBUG_INFO = INCLUDE_SOURCE;
				MTL_FAST_MATH = YES;
				ONLY_ACTIVE_ARCH = YES;
				PRODUCT_BUNDLE_IDENTIFIER = com.AppliMeteoTests;
				PRODUCT_NAME = "$(TARGET_NAME)";
				SDKROOT = iphoneos;
				SWIFT_ACTIVE_COMPILATION_CONDITIONS = DEBUG;
				SWIFT_EMIT_LOC_STRINGS = NO;
				SWIFT_OPTIMIZATION_LEVEL = "-Onone";
				SWIFT_VERSION = 5.0;
				TARGETED_DEVICE_FAMILY = "1,2";
				TEST_HOST = "$(BUNDLE_LOADER)";
			};
			name = Debug;
		};
		D51D5F017198C4C700010B99 /* Release */ = {
			isa = XCBuildConfiguration;
			buildSettings = {
				ALWAYS_SEARCH_USER_PATHS = NO;
				BUNDLE_LOADER = "$(BUILT_PRODUCTS_DIR)/AppliMeteo.app/AppliMeteo";
				CLANG_ANALYZER_NONNULL = YES;
				CLANG_ANALYZER_NUMBER_OBJECT_CONVERSION = YES_AGGRESSIVE;
				CLANG_CXX_LANGUAGE_STANDARD = "gnu++20";
				CLANG_ENABLE_MODULES = YES;
				CLANG_ENABLE_OBJC_ARC = YES;
				CLANG_ENABLE_OBJC_WEAK = YES;
				CLANG_WARN_BLOCK_CAPTURE_AUTORELEASING = YES;
				CLANG_WARN_BOOL_CONVERSION = YES;
				CLANG_WARN_COMMA = YES;
				CLANG_WARN_CONSTANT_CONVERSION = YES;
				CLANG_WARN_DEPRECATED_OBJC_IMPLEMENTATIONS = YES;
				CLANG_WARN_DIRECT_OBJC_ISA_USAGE = YES_ERROR;
				CLANG_WARN_DOCUMENTATION_COMMENTS = YES;
				CLANG_WARN_EMPTY_BODY = YES;
				CLANG_WARN_ENUM_CONVERSION = YES;
				CLANG_WARN_INFINITE_RECURSION = YES;
				CLANG_WARN_INT_CONVERSION = YES;
				CLANG_WARN_NON_LITERAL_NULL_CONVERSION = YES;
				CLANG_WARN_OBJC_IMPLICIT_RETAIN_SELF = YES;
				CLANG_WARN_OBJC_LITERAL_CONVERSION = YES;
				CLANG_WARN_OBJC_ROOT_CLASS = YES_ERROR;
				CLANG_WARN_QUOTED_INCLUDE_IN_FRAMEWORK_HEADER = YES;
				CLANG_WARN_RANGE_LOOP_ANALYSIS = YES;
				CLANG_WARN_STRICT_PROTOTYPES = YES;
				CLANG_WARN_SUSPICIOUS_MOVE = YES;
				CLANG_WARN_UNGUARDED_AVAILABILITY = YES_AGGRESSIVE;
				CLANG_WARN_UNREACHABLE_CODE = YES;
				CLANG_WARN__DUPLICATE_METHOD_MATCH = YES;
				COPY_PHASE_STRIP = NO;
				CURRENT_PROJECT_VERSION = 1;
				DEBUG_INFORMATION_FORMAT = "dwarf-with-dsym";
				DEVELOPMENT_TEAM = 2D9L87659G;
				ENABLE_NS_ASSERTIONS = NO;
				ENABLE_STRICT_OBJC_MSGSEND = YES;
				GCC_C_LANGUAGE_STANDARD = gnu11;
				GCC_NO_COMMON_BLOCKS = YES;
				GCC_WARN_64_TO_32_BIT_CONVERSION = YES;
				GCC_WARN_ABOUT_RETURN_TYPE = YES_ERROR;
				GCC_WARN_UNDECLARED_SELECTOR = YES;
				GCC_WARN_UNINITIALIZED_AUTOS = YES_AGGRESSIVE;
				GCC_WARN_UNUSED_FUNCTION = YES;
				GCC_WARN_UNUSED_VARIABLE = YES;
				GENERATE_INFOPLIST_FILE = YES;
				IPHONEOS_DEPLOYMENT_TARGET = 16.2;
				MARKETING_VERSION = 1.0;
				MTL_ENABLE_DEBUG_INFO = NO;
				MTL_FAST_MATH = YES;
				PRODUCT_BUNDLE_IDENTIFIER = com.AppliMeteoTests;
				PRODUCT_NAME = "$(TARGET_NAME)";
				SDKROOT = iphoneos;
				SWIFT_COMPILATION_MODE = wholemodule;
				SWIFT_EMIT_LOC_STRINGS = NO;
				SWIFT_OPTIMIZATION_LEVEL = "-O";
				SWIFT_VERSION = 5.0;
				TARGETED_DEVICE_FAMILY = "1,2";
				TEST_HOST = "$(BUNDLE_LOADER)";
				VALIDATE_PRODUCT = YES;
			};
			name = Release;
		};
/* End XCBuildConfiguration section */

/* Begin XCConfigurationList section */
		3B9D45D729A6871800510517 /* Build configuration list for PBXProject "AppliMeteo" */ = {
			isa = XCConfigurationList;
			buildConfigurations = (
				3B9D45F129A6871A00510517 /* Debug */,
				3B9D45F229A6871A00510517 /* Release */,
			);
			defaultConfigurationIsVisible = 0;
			defaultConfigurationName = Release;
		};
		3B9D45F329A6871A00510517 /* Build configuration list for PBXNativeTarget "AppliMeteo" */ = {
			isa = XCConfigurationList;
			buildConfigurations = (
				3B9D45F429A6871A00510517 /* Debug */,
				3B9D45F529A6871A00510517 /* Release */,
			);
			defaultConfigurationIsVisible = 0;
			defaultConfigurationName = Release;
		};
		D51D5070167A80343E3D6CFB /* Build configuration list for PBXNativeTarget "AppliMeteoTests" */ = {
			isa = XCConfigurationList;
			buildConfigurations = (
				D51D5E427B7DF94EAC21F6BA /* Debug */,
				D51D5F017198C4C700010B99 /* Release */,
			);
			defaultConfigurationIsVisible = 0;
			defaultConfigurationName = Release;
		};
/* End XCConfigurationList section */

/* Begin XCVersionGroup section */
		3B9D45E829A6871800510517 /* AppliMeteo.xcdatamodeld */ = {
			isa = XCVersionGroup;
			children = (
				18AB6AC529B62D9300C12576 /* AppliMeteo 2.xcdatamodel */,
			);
			currentVersion = 18AB6AC529B62D9300C12576 /* AppliMeteo 2.xcdatamodel */;
			path = AppliMeteo.xcdatamodeld;
			sourceTree = "<group>";
			versionGroupType = wrapper.xcdatamodel;
		};
/* End XCVersionGroup section */
	};
	rootObject = 3B9D45D429A6871800510517 /* Project object */;
}
